// !$*UTF8*$!
{
	archiveVersion = 1;
	classes = {
	};
	objectVersion = 56;
	objects = {

/* Begin PBXBuildFile section */
		467E9D802BC2743D00C57692 /* AppDelegate.swift in Sources */ = {isa = PBXBuildFile; fileRef = 467E9D7F2BC2743D00C57692 /* AppDelegate.swift */; };
		467E9D822BC2743D00C57692 /* SceneDelegate.swift in Sources */ = {isa = PBXBuildFile; fileRef = 467E9D812BC2743D00C57692 /* SceneDelegate.swift */; };
		467E9D892BC2743E00C57692 /* Assets.xcassets in Resources */ = {isa = PBXBuildFile; fileRef = 467E9D882BC2743E00C57692 /* Assets.xcassets */; };
		467E9D8C2BC2743E00C57692 /* Base in Resources */ = {isa = PBXBuildFile; fileRef = 467E9D8B2BC2743E00C57692 /* Base */; };
		467E9DE62BC31CED00C57692 /* ExampleUniViewControllerCoordinator.swift in Sources */ = {isa = PBXBuildFile; fileRef = 467E9DE42BC31CED00C57692 /* ExampleUniViewControllerCoordinator.swift */; };
		467E9DE72BC31CED00C57692 /* ExampleUniViewModel.swift in Sources */ = {isa = PBXBuildFile; fileRef = 467E9DE52BC31CED00C57692 /* ExampleUniViewModel.swift */; };
		467E9DEB2BC3E72D00C57692 /* TypesListViewModel.swift in Sources */ = {isa = PBXBuildFile; fileRef = 467E9DEA2BC3E72D00C57692 /* TypesListViewModel.swift */; };
		467E9DED2BC3E75C00C57692 /* TypesListCoordinator.swift in Sources */ = {isa = PBXBuildFile; fileRef = 467E9DEC2BC3E75C00C57692 /* TypesListCoordinator.swift */; };
		467E9DF32BC3EC2900C57692 /* Example2UniViewModel.swift in Sources */ = {isa = PBXBuildFile; fileRef = 467E9DF12BC3EC2900C57692 /* Example2UniViewModel.swift */; };
		467E9DF42BC3EC2900C57692 /* Example2UniViewControllerCoordinator.swift in Sources */ = {isa = PBXBuildFile; fileRef = 467E9DF22BC3EC2900C57692 /* Example2UniViewControllerCoordinator.swift */; };
		467E9DF72BC3EE3100C57692 /* String+Extensions.swift in Sources */ = {isa = PBXBuildFile; fileRef = 467E9DF62BC3EE3100C57692 /* String+Extensions.swift */; };
		467E9DFE2BC4144D00C57692 /* PaginationUniViewControllerCoordinator.swift in Sources */ = {isa = PBXBuildFile; fileRef = 467E9DFC2BC4144D00C57692 /* PaginationUniViewControllerCoordinator.swift */; };
		467E9DFF2BC4144D00C57692 /* PaginationUniViewModel.swift in Sources */ = {isa = PBXBuildFile; fileRef = 467E9DFD2BC4144D00C57692 /* PaginationUniViewModel.swift */; };
		467E9E072BC41F0C00C57692 /* Array+Extensions.swift in Sources */ = {isa = PBXBuildFile; fileRef = 467E9E062BC41F0C00C57692 /* Array+Extensions.swift */; };
		467E9E092BC4208700C57692 /* PaginationHelpers.swift in Sources */ = {isa = PBXBuildFile; fileRef = 467E9E082BC4208700C57692 /* PaginationHelpers.swift */; };
		A3F009D60020C1A15E2410E6 /* Pods_MPUIKit_example.framework in Frameworks */ = {isa = PBXBuildFile; fileRef = EC65181C43BD4F1DDAFB2501 /* Pods_MPUIKit_example.framework */; };
/* End PBXBuildFile section */

/* Begin PBXFileReference section */
		0FC7828636CF8FC06845B5CC /* Pods-MPUIKit_example.release.xcconfig */ = {isa = PBXFileReference; includeInIndex = 1; lastKnownFileType = text.xcconfig; name = "Pods-MPUIKit_example.release.xcconfig"; path = "Target Support Files/Pods-MPUIKit_example/Pods-MPUIKit_example.release.xcconfig"; sourceTree = "<group>"; };
		467E9D7C2BC2743D00C57692 /* MPUIKit_example.app */ = {isa = PBXFileReference; explicitFileType = wrapper.application; includeInIndex = 0; path = MPUIKit_example.app; sourceTree = BUILT_PRODUCTS_DIR; };
		467E9D7F2BC2743D00C57692 /* AppDelegate.swift */ = {isa = PBXFileReference; lastKnownFileType = sourcecode.swift; path = AppDelegate.swift; sourceTree = "<group>"; };
		467E9D812BC2743D00C57692 /* SceneDelegate.swift */ = {isa = PBXFileReference; lastKnownFileType = sourcecode.swift; path = SceneDelegate.swift; sourceTree = "<group>"; };
		467E9D882BC2743E00C57692 /* Assets.xcassets */ = {isa = PBXFileReference; lastKnownFileType = folder.assetcatalog; path = Assets.xcassets; sourceTree = "<group>"; };
		467E9D8B2BC2743E00C57692 /* Base */ = {isa = PBXFileReference; lastKnownFileType = file.storyboard; name = Base; path = Base.lproj/LaunchScreen.storyboard; sourceTree = "<group>"; };
		467E9D8D2BC2743E00C57692 /* Info.plist */ = {isa = PBXFileReference; lastKnownFileType = text.plist.xml; path = Info.plist; sourceTree = "<group>"; };
		467E9DE42BC31CED00C57692 /* ExampleUniViewControllerCoordinator.swift */ = {isa = PBXFileReference; lastKnownFileType = sourcecode.swift; path = ExampleUniViewControllerCoordinator.swift; sourceTree = "<group>"; };
		467E9DE52BC31CED00C57692 /* ExampleUniViewModel.swift */ = {isa = PBXFileReference; lastKnownFileType = sourcecode.swift; path = ExampleUniViewModel.swift; sourceTree = "<group>"; };
		467E9DEA2BC3E72D00C57692 /* TypesListViewModel.swift */ = {isa = PBXFileReference; lastKnownFileType = sourcecode.swift; path = TypesListViewModel.swift; sourceTree = "<group>"; };
		467E9DEC2BC3E75C00C57692 /* TypesListCoordinator.swift */ = {isa = PBXFileReference; lastKnownFileType = sourcecode.swift; path = TypesListCoordinator.swift; sourceTree = "<group>"; };
		467E9DF12BC3EC2900C57692 /* Example2UniViewModel.swift */ = {isa = PBXFileReference; fileEncoding = 4; lastKnownFileType = sourcecode.swift; path = Example2UniViewModel.swift; sourceTree = "<group>"; };
		467E9DF22BC3EC2900C57692 /* Example2UniViewControllerCoordinator.swift */ = {isa = PBXFileReference; fileEncoding = 4; lastKnownFileType = sourcecode.swift; path = Example2UniViewControllerCoordinator.swift; sourceTree = "<group>"; };
		467E9DF62BC3EE3100C57692 /* String+Extensions.swift */ = {isa = PBXFileReference; lastKnownFileType = sourcecode.swift; path = "String+Extensions.swift"; sourceTree = "<group>"; };
		467E9DFC2BC4144D00C57692 /* PaginationUniViewControllerCoordinator.swift */ = {isa = PBXFileReference; fileEncoding = 4; lastKnownFileType = sourcecode.swift; path = PaginationUniViewControllerCoordinator.swift; sourceTree = "<group>"; };
		467E9DFD2BC4144D00C57692 /* PaginationUniViewModel.swift */ = {isa = PBXFileReference; fileEncoding = 4; lastKnownFileType = sourcecode.swift; path = PaginationUniViewModel.swift; sourceTree = "<group>"; };
		467E9E062BC41F0C00C57692 /* Array+Extensions.swift */ = {isa = PBXFileReference; lastKnownFileType = sourcecode.swift; path = "Array+Extensions.swift"; sourceTree = "<group>"; };
		467E9E082BC4208700C57692 /* PaginationHelpers.swift */ = {isa = PBXFileReference; lastKnownFileType = sourcecode.swift; path = PaginationHelpers.swift; sourceTree = "<group>"; };
		8B6287E6F6E9E64DDCEB82E8 /* Pods-MPUIKit_example.debug.xcconfig */ = {isa = PBXFileReference; includeInIndex = 1; lastKnownFileType = text.xcconfig; name = "Pods-MPUIKit_example.debug.xcconfig"; path = "Target Support Files/Pods-MPUIKit_example/Pods-MPUIKit_example.debug.xcconfig"; sourceTree = "<group>"; };
		EC65181C43BD4F1DDAFB2501 /* Pods_MPUIKit_example.framework */ = {isa = PBXFileReference; explicitFileType = wrapper.framework; includeInIndex = 0; path = Pods_MPUIKit_example.framework; sourceTree = BUILT_PRODUCTS_DIR; };
/* End PBXFileReference section */

/* Begin PBXFrameworksBuildPhase section */
		467E9D792BC2743D00C57692 /* Frameworks */ = {
			isa = PBXFrameworksBuildPhase;
			buildActionMask = 2147483647;
			files = (
				A3F009D60020C1A15E2410E6 /* Pods_MPUIKit_example.framework in Frameworks */,
			);
			runOnlyForDeploymentPostprocessing = 0;
		};
/* End PBXFrameworksBuildPhase section */

/* Begin PBXGroup section */
		15C16D82A453BC9BFDC91CCF /* Pods */ = {
			isa = PBXGroup;
			children = (
				8B6287E6F6E9E64DDCEB82E8 /* Pods-MPUIKit_example.debug.xcconfig */,
				0FC7828636CF8FC06845B5CC /* Pods-MPUIKit_example.release.xcconfig */,
			);
			path = Pods;
			sourceTree = "<group>";
		};
		467E9D732BC2743D00C57692 = {
			isa = PBXGroup;
			children = (
				467E9D7E2BC2743D00C57692 /* MPUIKit_example */,
				467E9D7D2BC2743D00C57692 /* Products */,
				15C16D82A453BC9BFDC91CCF /* Pods */,
				EF7D58F63AC1277F3286C76A /* Frameworks */,
			);
			sourceTree = "<group>";
		};
		467E9D7D2BC2743D00C57692 /* Products */ = {
			isa = PBXGroup;
			children = (
				467E9D7C2BC2743D00C57692 /* MPUIKit_example.app */,
			);
			name = Products;
			sourceTree = "<group>";
		};
		467E9D7E2BC2743D00C57692 /* MPUIKit_example */ = {
			isa = PBXGroup;
			children = (
				467E9D7F2BC2743D00C57692 /* AppDelegate.swift */,
				467E9D812BC2743D00C57692 /* SceneDelegate.swift */,
				467E9DF52BC3EE2000C57692 /* Extensions */,
				467E9DEE2BC3E76300C57692 /* Screens */,
				467E9D882BC2743E00C57692 /* Assets.xcassets */,
				467E9D8A2BC2743E00C57692 /* LaunchScreen.storyboard */,
				467E9D8D2BC2743E00C57692 /* Info.plist */,
			);
			path = MPUIKit_example;
			sourceTree = "<group>";
		};
		467E9DEE2BC3E76300C57692 /* Screens */ = {
			isa = PBXGroup;
			children = (
				467E9DEF2BC3E76F00C57692 /* List of examples */,
				467E9DF02BC3EBDA00C57692 /* Examples */,
			);
			path = Screens;
			sourceTree = "<group>";
		};
		467E9DEF2BC3E76F00C57692 /* List of examples */ = {
			isa = PBXGroup;
			children = (
				467E9DEC2BC3E75C00C57692 /* TypesListCoordinator.swift */,
				467E9DEA2BC3E72D00C57692 /* TypesListViewModel.swift */,
			);
			path = "List of examples";
			sourceTree = "<group>";
		};
		467E9DF02BC3EBDA00C57692 /* Examples */ = {
			isa = PBXGroup;
			children = (
				467E9DE42BC31CED00C57692 /* ExampleUniViewControllerCoordinator.swift */,
				467E9DE52BC31CED00C57692 /* ExampleUniViewModel.swift */,
				467E9DF22BC3EC2900C57692 /* Example2UniViewControllerCoordinator.swift */,
				467E9DF12BC3EC2900C57692 /* Example2UniViewModel.swift */,
				467E9DFC2BC4144D00C57692 /* PaginationUniViewControllerCoordinator.swift */,
				467E9DFD2BC4144D00C57692 /* PaginationUniViewModel.swift */,
				467E9E082BC4208700C57692 /* PaginationHelpers.swift */,
			);
			path = Examples;
			sourceTree = "<group>";
		};
		467E9DF52BC3EE2000C57692 /* Extensions */ = {
			isa = PBXGroup;
			children = (
				467E9DF62BC3EE3100C57692 /* String+Extensions.swift */,
				467E9E062BC41F0C00C57692 /* Array+Extensions.swift */,
			);
			path = Extensions;
			sourceTree = "<group>";
		};
		EF7D58F63AC1277F3286C76A /* Frameworks */ = {
			isa = PBXGroup;
			children = (
				EC65181C43BD4F1DDAFB2501 /* Pods_MPUIKit_example.framework */,
			);
			name = Frameworks;
			sourceTree = "<group>";
		};
/* End PBXGroup section */

/* Begin PBXNativeTarget section */
		467E9D7B2BC2743D00C57692 /* MPUIKit_example */ = {
			isa = PBXNativeTarget;
			buildConfigurationList = 467E9D902BC2743E00C57692 /* Build configuration list for PBXNativeTarget "MPUIKit_example" */;
			buildPhases = (
				FED79148AA2F79A9106DC668 /* [CP] Check Pods Manifest.lock */,
				467E9D782BC2743D00C57692 /* Sources */,
				467E9D792BC2743D00C57692 /* Frameworks */,
				467E9D7A2BC2743D00C57692 /* Resources */,
				D398E316EA2C289FA9E7D1C9 /* [CP] Embed Pods Frameworks */,
			);
			buildRules = (
			);
			dependencies = (
			);
			name = MPUIKit_example;
			productName = MPUIKit_example;
			productReference = 467E9D7C2BC2743D00C57692 /* MPUIKit_example.app */;
			productType = "com.apple.product-type.application";
		};
/* End PBXNativeTarget section */

/* Begin PBXProject section */
		467E9D742BC2743D00C57692 /* Project object */ = {
			isa = PBXProject;
			attributes = {
				BuildIndependentTargetsInParallel = 1;
				LastSwiftUpdateCheck = 1530;
				LastUpgradeCheck = 1530;
				TargetAttributes = {
					467E9D7B2BC2743D00C57692 = {
						CreatedOnToolsVersion = 15.3;
					};
				};
			};
			buildConfigurationList = 467E9D772BC2743D00C57692 /* Build configuration list for PBXProject "MPUIKit_example" */;
			compatibilityVersion = "Xcode 14.0";
			developmentRegion = en;
			hasScannedForEncodings = 0;
			knownRegions = (
				en,
				Base,
			);
			mainGroup = 467E9D732BC2743D00C57692;
			productRefGroup = 467E9D7D2BC2743D00C57692 /* Products */;
			projectDirPath = "";
			projectRoot = "";
			targets = (
				467E9D7B2BC2743D00C57692 /* MPUIKit_example */,
			);
		};
/* End PBXProject section */

/* Begin PBXResourcesBuildPhase section */
		467E9D7A2BC2743D00C57692 /* Resources */ = {
			isa = PBXResourcesBuildPhase;
			buildActionMask = 2147483647;
			files = (
				467E9D892BC2743E00C57692 /* Assets.xcassets in Resources */,
				467E9D8C2BC2743E00C57692 /* Base in Resources */,
			);
			runOnlyForDeploymentPostprocessing = 0;
		};
/* End PBXResourcesBuildPhase section */

/* Begin PBXShellScriptBuildPhase section */
		D398E316EA2C289FA9E7D1C9 /* [CP] Embed Pods Frameworks */ = {
			isa = PBXShellScriptBuildPhase;
			buildActionMask = 2147483647;
			files = (
			);
			inputFileListPaths = (
				"${PODS_ROOT}/Target Support Files/Pods-MPUIKit_example/Pods-MPUIKit_example-frameworks-${CONFIGURATION}-input-files.xcfilelist",
			);
			name = "[CP] Embed Pods Frameworks";
			outputFileListPaths = (
				"${PODS_ROOT}/Target Support Files/Pods-MPUIKit_example/Pods-MPUIKit_example-frameworks-${CONFIGURATION}-output-files.xcfilelist",
			);
			runOnlyForDeploymentPostprocessing = 0;
			shellPath = /bin/sh;
			shellScript = "\"${PODS_ROOT}/Target Support Files/Pods-MPUIKit_example/Pods-MPUIKit_example-frameworks.sh\"\n";
			showEnvVarsInLog = 0;
		};
		FED79148AA2F79A9106DC668 /* [CP] Check Pods Manifest.lock */ = {
			isa = PBXShellScriptBuildPhase;
			buildActionMask = 2147483647;
			files = (
			);
			inputFileListPaths = (
			);
			inputPaths = (
				"${PODS_PODFILE_DIR_PATH}/Podfile.lock",
				"${PODS_ROOT}/Manifest.lock",
			);
			name = "[CP] Check Pods Manifest.lock";
			outputFileListPaths = (
			);
			outputPaths = (
				"$(DERIVED_FILE_DIR)/Pods-MPUIKit_example-checkManifestLockResult.txt",
			);
			runOnlyForDeploymentPostprocessing = 0;
			shellPath = /bin/sh;
			shellScript = "diff \"${PODS_PODFILE_DIR_PATH}/Podfile.lock\" \"${PODS_ROOT}/Manifest.lock\" > /dev/null\nif [ $? != 0 ] ; then\n    # print error to STDERR\n    echo \"error: The sandbox is not in sync with the Podfile.lock. Run 'pod install' or update your CocoaPods installation.\" >&2\n    exit 1\nfi\n# This output is used by Xcode 'outputs' to avoid re-running this script phase.\necho \"SUCCESS\" > \"${SCRIPT_OUTPUT_FILE_0}\"\n";
			showEnvVarsInLog = 0;
		};
/* End PBXShellScriptBuildPhase section */

/* Begin PBXSourcesBuildPhase section */
		467E9D782BC2743D00C57692 /* Sources */ = {
			isa = PBXSourcesBuildPhase;
			buildActionMask = 2147483647;
			files = (
				467E9DFF2BC4144D00C57692 /* PaginationUniViewModel.swift in Sources */,
				467E9D802BC2743D00C57692 /* AppDelegate.swift in Sources */,
				467E9DE72BC31CED00C57692 /* ExampleUniViewModel.swift in Sources */,
				467E9DF42BC3EC2900C57692 /* Example2UniViewControllerCoordinator.swift in Sources */,
				467E9E092BC4208700C57692 /* PaginationHelpers.swift in Sources */,
				467E9DF32BC3EC2900C57692 /* Example2UniViewModel.swift in Sources */,
				467E9DFE2BC4144D00C57692 /* PaginationUniViewControllerCoordinator.swift in Sources */,
				467E9DF72BC3EE3100C57692 /* String+Extensions.swift in Sources */,
				467E9E072BC41F0C00C57692 /* Array+Extensions.swift in Sources */,
				467E9DED2BC3E75C00C57692 /* TypesListCoordinator.swift in Sources */,
				467E9D822BC2743D00C57692 /* SceneDelegate.swift in Sources */,
				467E9DEB2BC3E72D00C57692 /* TypesListViewModel.swift in Sources */,
				467E9DE62BC31CED00C57692 /* ExampleUniViewControllerCoordinator.swift in Sources */,
			);
			runOnlyForDeploymentPostprocessing = 0;
		};
/* End PBXSourcesBuildPhase section */

/* Begin PBXVariantGroup section */
		467E9D8A2BC2743E00C57692 /* LaunchScreen.storyboard */ = {
			isa = PBXVariantGroup;
			children = (
				467E9D8B2BC2743E00C57692 /* Base */,
			);
			name = LaunchScreen.storyboard;
			sourceTree = "<group>";
		};
/* End PBXVariantGroup section */

/* Begin XCBuildConfiguration section */
		467E9D8E2BC2743E00C57692 /* Debug */ = {
			isa = XCBuildConfiguration;
			buildSettings = {
				ALWAYS_SEARCH_USER_PATHS = NO;
				ASSETCATALOG_COMPILER_GENERATE_SWIFT_ASSET_SYMBOL_EXTENSIONS = YES;
				CLANG_ANALYZER_NONNULL = YES;
				CLANG_ANALYZER_NUMBER_OBJECT_CONVERSION = YES_AGGRESSIVE;
				CLANG_CXX_LANGUAGE_STANDARD = "gnu++20";
				CLANG_ENABLE_MODULES = YES;
				CLANG_ENABLE_OBJC_ARC = YES;
				CLANG_ENABLE_OBJC_WEAK = YES;
				CLANG_WARN_BLOCK_CAPTURE_AUTORELEASING = YES;
				CLANG_WARN_BOOL_CONVERSION = YES;
				CLANG_WARN_COMMA = YES;
				CLANG_WARN_CONSTANT_CONVERSION = YES;
				CLANG_WARN_DEPRECATED_OBJC_IMPLEMENTATIONS = YES;
				CLANG_WARN_DIRECT_OBJC_ISA_USAGE = YES_ERROR;
				CLANG_WARN_DOCUMENTATION_COMMENTS = YES;
				CLANG_WARN_EMPTY_BODY = YES;
				CLANG_WARN_ENUM_CONVERSION = YES;
				CLANG_WARN_INFINITE_RECURSION = YES;
				CLANG_WARN_INT_CONVERSION = YES;
				CLANG_WARN_NON_LITERAL_NULL_CONVERSION = YES;
				CLANG_WARN_OBJC_IMPLICIT_RETAIN_SELF = YES;
				CLANG_WARN_OBJC_LITERAL_CONVERSION = YES;
				CLANG_WARN_OBJC_ROOT_CLASS = YES_ERROR;
				CLANG_WARN_QUOTED_INCLUDE_IN_FRAMEWORK_HEADER = YES;
				CLANG_WARN_RANGE_LOOP_ANALYSIS = YES;
				CLANG_WARN_STRICT_PROTOTYPES = YES;
				CLANG_WARN_SUSPICIOUS_MOVE = YES;
				CLANG_WARN_UNGUARDED_AVAILABILITY = YES_AGGRESSIVE;
				CLANG_WARN_UNREACHABLE_CODE = YES;
				CLANG_WARN__DUPLICATE_METHOD_MATCH = YES;
				COPY_PHASE_STRIP = NO;
				DEBUG_INFORMATION_FORMAT = dwarf;
				ENABLE_STRICT_OBJC_MSGSEND = YES;
				ENABLE_TESTABILITY = YES;
				ENABLE_USER_SCRIPT_SANDBOXING = YES;
				GCC_C_LANGUAGE_STANDARD = gnu17;
				GCC_DYNAMIC_NO_PIC = NO;
				GCC_NO_COMMON_BLOCKS = YES;
				GCC_OPTIMIZATION_LEVEL = 0;
				GCC_PREPROCESSOR_DEFINITIONS = (
					"DEBUG=1",
					"$(inherited)",
				);
				GCC_WARN_64_TO_32_BIT_CONVERSION = YES;
				GCC_WARN_ABOUT_RETURN_TYPE = YES_ERROR;
				GCC_WARN_UNDECLARED_SELECTOR = YES;
				GCC_WARN_UNINITIALIZED_AUTOS = YES_AGGRESSIVE;
				GCC_WARN_UNUSED_FUNCTION = YES;
				GCC_WARN_UNUSED_VARIABLE = YES;
				IPHONEOS_DEPLOYMENT_TARGET = 15.0;
				LOCALIZATION_PREFERS_STRING_CATALOGS = YES;
				MTL_ENABLE_DEBUG_INFO = INCLUDE_SOURCE;
				MTL_FAST_MATH = YES;
				ONLY_ACTIVE_ARCH = YES;
				SDKROOT = iphoneos;
				SWIFT_ACTIVE_COMPILATION_CONDITIONS = "DEBUG $(inherited)";
				SWIFT_OPTIMIZATION_LEVEL = "-Onone";
			};
			name = Debug;
		};
		467E9D8F2BC2743E00C57692 /* Release */ = {
			isa = XCBuildConfiguration;
			buildSettings = {
				ALWAYS_SEARCH_USER_PATHS = NO;
				ASSETCATALOG_COMPILER_GENERATE_SWIFT_ASSET_SYMBOL_EXTENSIONS = YES;
				CLANG_ANALYZER_NONNULL = YES;
				CLANG_ANALYZER_NUMBER_OBJECT_CONVERSION = YES_AGGRESSIVE;
				CLANG_CXX_LANGUAGE_STANDARD = "gnu++20";
				CLANG_ENABLE_MODULES = YES;
				CLANG_ENABLE_OBJC_ARC = YES;
				CLANG_ENABLE_OBJC_WEAK = YES;
				CLANG_WARN_BLOCK_CAPTURE_AUTORELEASING = YES;
				CLANG_WARN_BOOL_CONVERSION = YES;
				CLANG_WARN_COMMA = YES;
				CLANG_WARN_CONSTANT_CONVERSION = YES;
				CLANG_WARN_DEPRECATED_OBJC_IMPLEMENTATIONS = YES;
				CLANG_WARN_DIRECT_OBJC_ISA_USAGE = YES_ERROR;
				CLANG_WARN_DOCUMENTATION_COMMENTS = YES;
				CLANG_WARN_EMPTY_BODY = YES;
				CLANG_WARN_ENUM_CONVERSION = YES;
				CLANG_WARN_INFINITE_RECURSION = YES;
				CLANG_WARN_INT_CONVERSION = YES;
				CLANG_WARN_NON_LITERAL_NULL_CONVERSION = YES;
				CLANG_WARN_OBJC_IMPLICIT_RETAIN_SELF = YES;
				CLANG_WARN_OBJC_LITERAL_CONVERSION = YES;
				CLANG_WARN_OBJC_ROOT_CLASS = YES_ERROR;
				CLANG_WARN_QUOTED_INCLUDE_IN_FRAMEWORK_HEADER = YES;
				CLANG_WARN_RANGE_LOOP_ANALYSIS = YES;
				CLANG_WARN_STRICT_PROTOTYPES = YES;
				CLANG_WARN_SUSPICIOUS_MOVE = YES;
				CLANG_WARN_UNGUARDED_AVAILABILITY = YES_AGGRESSIVE;
				CLANG_WARN_UNREACHABLE_CODE = YES;
				CLANG_WARN__DUPLICATE_METHOD_MATCH = YES;
				COPY_PHASE_STRIP = NO;
				DEBUG_INFORMATION_FORMAT = "dwarf-with-dsym";
				ENABLE_NS_ASSERTIONS = NO;
				ENABLE_STRICT_OBJC_MSGSEND = YES;
				ENABLE_USER_SCRIPT_SANDBOXING = YES;
				GCC_C_LANGUAGE_STANDARD = gnu17;
				GCC_NO_COMMON_BLOCKS = YES;
				GCC_WARN_64_TO_32_BIT_CONVERSION = YES;
				GCC_WARN_ABOUT_RETURN_TYPE = YES_ERROR;
				GCC_WARN_UNDECLARED_SELECTOR = YES;
				GCC_WARN_UNINITIALIZED_AUTOS = YES_AGGRESSIVE;
				GCC_WARN_UNUSED_FUNCTION = YES;
				GCC_WARN_UNUSED_VARIABLE = YES;
				IPHONEOS_DEPLOYMENT_TARGET = 15.0;
				LOCALIZATION_PREFERS_STRING_CATALOGS = YES;
				MTL_ENABLE_DEBUG_INFO = NO;
				MTL_FAST_MATH = YES;
				SDKROOT = iphoneos;
				SWIFT_COMPILATION_MODE = wholemodule;
				VALIDATE_PRODUCT = YES;
			};
			name = Release;
		};
		467E9D912BC2743E00C57692 /* Debug */ = {
			isa = XCBuildConfiguration;
			baseConfigurationReference = 8B6287E6F6E9E64DDCEB82E8 /* Pods-MPUIKit_example.debug.xcconfig */;
			buildSettings = {
				ASSETCATALOG_COMPILER_APPICON_NAME = AppIcon;
				ASSETCATALOG_COMPILER_GLOBAL_ACCENT_COLOR_NAME = AccentColor;
				CODE_SIGN_IDENTITY = "Apple Development";
				CODE_SIGN_STYLE = Automatic;
				CURRENT_PROJECT_VERSION = 1;
				DEVELOPMENT_TEAM = MTCXPH7QFR;
				ENABLE_USER_SCRIPT_SANDBOXING = NO;
				GENERATE_INFOPLIST_FILE = YES;
				INFOPLIST_FILE = MPUIKit_example/Info.plist;
				INFOPLIST_KEY_UIApplicationSupportsIndirectInputEvents = YES;
				INFOPLIST_KEY_UILaunchStoryboardName = LaunchScreen;
				INFOPLIST_KEY_UISupportedInterfaceOrientations_iPad = "UIInterfaceOrientationPortrait UIInterfaceOrientationPortraitUpsideDown UIInterfaceOrientationLandscapeLeft UIInterfaceOrientationLandscapeRight";
				INFOPLIST_KEY_UISupportedInterfaceOrientations_iPhone = "UIInterfaceOrientationPortrait UIInterfaceOrientationLandscapeLeft UIInterfaceOrientationLandscapeRight";
				LD_RUNPATH_SEARCH_PATHS = (
					"$(inherited)",
					"@executable_path/Frameworks",
				);
				MARKETING_VERSION = 1.0;
				PRODUCT_BUNDLE_IDENTIFIER = "mp.MPUIKit-example";
				PRODUCT_NAME = "$(TARGET_NAME)";
				PROVISIONING_PROFILE_SPECIFIER = "";
				SWIFT_EMIT_LOC_STRINGS = YES;
				SWIFT_VERSION = 5.0;
				TARGETED_DEVICE_FAMILY = "1,2";
			};
			name = Debug;
		};
		467E9D922BC2743E00C57692 /* Release */ = {
			isa = XCBuildConfiguration;
			baseConfigurationReference = 0FC7828636CF8FC06845B5CC /* Pods-MPUIKit_example.release.xcconfig */;
			buildSettings = {
				ASSETCATALOG_COMPILER_APPICON_NAME = AppIcon;
				ASSETCATALOG_COMPILER_GLOBAL_ACCENT_COLOR_NAME = AccentColor;
				CODE_SIGN_IDENTITY = "Apple Development";
				CODE_SIGN_STYLE = Automatic;
				CURRENT_PROJECT_VERSION = 1;
				DEVELOPMENT_TEAM = MTCXPH7QFR;
				ENABLE_USER_SCRIPT_SANDBOXING = NO;
				GENERATE_INFOPLIST_FILE = YES;
				INFOPLIST_FILE = MPUIKit_example/Info.plist;
				INFOPLIST_KEY_UIApplicationSupportsIndirectInputEvents = YES;
				INFOPLIST_KEY_UILaunchStoryboardName = LaunchScreen;
				INFOPLIST_KEY_UISupportedInterfaceOrientations_iPad = "UIInterfaceOrientationPortrait UIInterfaceOrientationPortraitUpsideDown UIInterfaceOrientationLandscapeLeft UIInterfaceOrientationLandscapeRight";
				INFOPLIST_KEY_UISupportedInterfaceOrientations_iPhone = "UIInterfaceOrientationPortrait UIInterfaceOrientationLandscapeLeft UIInterfaceOrientationLandscapeRight";
				LD_RUNPATH_SEARCH_PATHS = (
					"$(inherited)",
					"@executable_path/Frameworks",
				);
				MARKETING_VERSION = 1.0;
				PRODUCT_BUNDLE_IDENTIFIER = "mp.MPUIKit-example";
				PRODUCT_NAME = "$(TARGET_NAME)";
				PROVISIONING_PROFILE_SPECIFIER = "";
				SWIFT_EMIT_LOC_STRINGS = YES;
				SWIFT_VERSION = 5.0;
				TARGETED_DEVICE_FAMILY = "1,2";
			};
			name = Release;
		};
/* End XCBuildConfiguration section */

/* Begin XCConfigurationList section */
		467E9D772BC2743D00C57692 /* Build configuration list for PBXProject "MPUIKit_example" */ = {
			isa = XCConfigurationList;
			buildConfigurations = (
				467E9D8E2BC2743E00C57692 /* Debug */,
				467E9D8F2BC2743E00C57692 /* Release */,
			);
			defaultConfigurationIsVisible = 0;
			defaultConfigurationName = Release;
		};
		467E9D902BC2743E00C57692 /* Build configuration list for PBXNativeTarget "MPUIKit_example" */ = {
			isa = XCConfigurationList;
			buildConfigurations = (
				467E9D912BC2743E00C57692 /* Debug */,
				467E9D922BC2743E00C57692 /* Release */,
			);
			defaultConfigurationIsVisible = 0;
			defaultConfigurationName = Release;
		};
/* End XCConfigurationList section */
	};
	rootObject = 467E9D742BC2743D00C57692 /* Project object */;
}
